
Microsoft Visual Studio Solution File, Format Version 12.00
# Visual Studio Version 16
VisualStudioVersion = 16.0.31515.178
MinimumVisualStudioVersion = 10.0.40219.1
Project("{FAE04EC0-301F-11D3-BF4B-00C04F79EFBC}") = "francisca2010", "francisca2010\francisca2010.csproj", "{2C64C316-69D0-44E8-BBEE-D17F1B1FAAD8}"
EndProject
Global
	GlobalSection(SolutionConfigurationPlatforms) = preSolution
		Debug|Any CPU = Debug|Any CPU
		Release|Any CPU = Release|Any CPU
	EndGlobalSection
	GlobalSection(ProjectConfigurationPlatforms) = postSolution
		{2C64C316-69D0-44E8-BBEE-D17F1B1FAAD8}.Debug|Any CPU.ActiveCfg = Debug|Any CPU
		{2C64C316-69D0-44E8-BBEE-D17F1B1FAAD8}.Debug|Any CPU.Build.0 = Debug|Any CPU
		{2C64C316-69D0-44E8-BBEE-D17F1B1FAAD8}.Release|Any CPU.ActiveCfg = Release|Any CPU
		{2C64C316-69D0-44E8-BBEE-D17F1B1FAAD8}.Release|Any CPU.Build.0 = Release|Any CPU
	EndGlobalSection
	GlobalSection(SolutionProperties) = preSolution
		HideSolutionNode = FALSE
	EndGlobalSection
	GlobalSection(ExtensibilityGlobals) = postSolution
		SolutionGuid = {4F8FF6E0-A29F-4917-B697-BD1DFBD1CA21}
	EndGlobalSection
EndGlobal
